// !$*UTF8*$!
{
	archiveVersion = 1;
	classes = {
	};
	objectVersion = 50;
	objects = {

/* Begin PBXBuildFile section */
		AC2C0C92268A1A1800C16C16 /* SearchViewController.swift in Sources */ = {isa = PBXBuildFile; fileRef = AC2C0C91268A1A1800C16C16 /* SearchViewController.swift */; };
		AC2C0C94268A1A2900C16C16 /* SearchViewModel.swift in Sources */ = {isa = PBXBuildFile; fileRef = AC2C0C93268A1A2900C16C16 /* SearchViewModel.swift */; };
		AC2C0C99268A208400C16C16 /* SectionTitleTableViewCell.swift in Sources */ = {isa = PBXBuildFile; fileRef = AC2C0C97268A208400C16C16 /* SectionTitleTableViewCell.swift */; };
		AC2C0C9A268A208400C16C16 /* SectionTitleTableViewCell.xib in Resources */ = {isa = PBXBuildFile; fileRef = AC2C0C98268A208400C16C16 /* SectionTitleTableViewCell.xib */; };
		AC2C0C9E268A281E00C16C16 /* MovieDetailViewController.swift in Sources */ = {isa = PBXBuildFile; fileRef = AC2C0C9D268A281E00C16C16 /* MovieDetailViewController.swift */; };
		AC2C0CA0268A284300C16C16 /* MovieDetailViewModel.swift in Sources */ = {isa = PBXBuildFile; fileRef = AC2C0C9F268A284300C16C16 /* MovieDetailViewModel.swift */; };
		AC2C0CA3268A3F2000C16C16 /* APIConstant.swift in Sources */ = {isa = PBXBuildFile; fileRef = AC2C0CA2268A3F2000C16C16 /* APIConstant.swift */; };
		AC97A9D6268A005500E6026B /* AppDelegate.swift in Sources */ = {isa = PBXBuildFile; fileRef = AC97A9D5268A005500E6026B /* AppDelegate.swift */; };
		AC97A9D8268A005500E6026B /* SceneDelegate.swift in Sources */ = {isa = PBXBuildFile; fileRef = AC97A9D7268A005500E6026B /* SceneDelegate.swift */; };
		AC97A9DD268A005500E6026B /* Main.storyboard in Resources */ = {isa = PBXBuildFile; fileRef = AC97A9DB268A005500E6026B /* Main.storyboard */; };
		AC97A9E0268A005500E6026B /* MovieDBAssignment.xcdatamodeld in Sources */ = {isa = PBXBuildFile; fileRef = AC97A9DE268A005500E6026B /* MovieDBAssignment.xcdatamodeld */; };
		AC97A9E2268A005600E6026B /* Assets.xcassets in Resources */ = {isa = PBXBuildFile; fileRef = AC97A9E1268A005600E6026B /* Assets.xcassets */; };
		AC97A9E5268A005600E6026B /* LaunchScreen.storyboard in Resources */ = {isa = PBXBuildFile; fileRef = AC97A9E3268A005600E6026B /* LaunchScreen.storyboard */; };
		AC97A9F0268A005600E6026B /* MovieDBAssignmentTests.swift in Sources */ = {isa = PBXBuildFile; fileRef = AC97A9EF268A005600E6026B /* MovieDBAssignmentTests.swift */; };
		AC97A9FB268A005600E6026B /* MovieDBAssignmentUITests.swift in Sources */ = {isa = PBXBuildFile; fileRef = AC97A9FA268A005600E6026B /* MovieDBAssignmentUITests.swift */; };
		AC97AA16268A04D800E6026B /* BaseViewController.swift in Sources */ = {isa = PBXBuildFile; fileRef = AC97AA15268A04D800E6026B /* BaseViewController.swift */; };
		AC97AA18268A054800E6026B /* BaseViewModel.swift in Sources */ = {isa = PBXBuildFile; fileRef = AC97AA17268A054800E6026B /* BaseViewModel.swift */; };
		AC97AA1A268A059500E6026B /* DashboardViewController.swift in Sources */ = {isa = PBXBuildFile; fileRef = AC97AA19268A059500E6026B /* DashboardViewController.swift */; };
		AC97AA1C268A05B800E6026B /* DashboardViewModel.swift in Sources */ = {isa = PBXBuildFile; fileRef = AC97AA1B268A05B800E6026B /* DashboardViewModel.swift */; };
		AC97AA20268A08ED00E6026B /* MovieListTableViewCell.swift in Sources */ = {isa = PBXBuildFile; fileRef = AC97AA1E268A08ED00E6026B /* MovieListTableViewCell.swift */; };
		AC97AA21268A08ED00E6026B /* MovieListTableViewCell.xib in Resources */ = {isa = PBXBuildFile; fileRef = AC97AA1F268A08ED00E6026B /* MovieListTableViewCell.xib */; };
		AC97AA24268A09C600E6026B /* UIView+Extension.swift in Sources */ = {isa = PBXBuildFile; fileRef = AC97AA23268A09C600E6026B /* UIView+Extension.swift */; };
		AC97AA26268A106500E6026B /* NSObject+Extension.swift in Sources */ = {isa = PBXBuildFile; fileRef = AC97AA25268A106500E6026B /* NSObject+Extension.swift */; };
/* End PBXBuildFile section */

/* Begin PBXContainerItemProxy section */
		AC97A9EC268A005600E6026B /* PBXContainerItemProxy */ = {
			isa = PBXContainerItemProxy;
			containerPortal = AC97A9CA268A005500E6026B /* Project object */;
			proxyType = 1;
			remoteGlobalIDString = AC97A9D1268A005500E6026B;
			remoteInfo = MovieDBAssignment;
		};
		AC97A9F7268A005600E6026B /* PBXContainerItemProxy */ = {
			isa = PBXContainerItemProxy;
			containerPortal = AC97A9CA268A005500E6026B /* Project object */;
			proxyType = 1;
			remoteGlobalIDString = AC97A9D1268A005500E6026B;
			remoteInfo = MovieDBAssignment;
		};
/* End PBXContainerItemProxy section */

/* Begin PBXFileReference section */
		AC2C0C91268A1A1800C16C16 /* SearchViewController.swift */ = {isa = PBXFileReference; lastKnownFileType = sourcecode.swift; path = SearchViewController.swift; sourceTree = "<group>"; };
		AC2C0C93268A1A2900C16C16 /* SearchViewModel.swift */ = {isa = PBXFileReference; lastKnownFileType = sourcecode.swift; path = SearchViewModel.swift; sourceTree = "<group>"; };
		AC2C0C97268A208400C16C16 /* SectionTitleTableViewCell.swift */ = {isa = PBXFileReference; lastKnownFileType = sourcecode.swift; path = SectionTitleTableViewCell.swift; sourceTree = "<group>"; };
		AC2C0C98268A208400C16C16 /* SectionTitleTableViewCell.xib */ = {isa = PBXFileReference; lastKnownFileType = file.xib; path = SectionTitleTableViewCell.xib; sourceTree = "<group>"; };
		AC2C0C9D268A281E00C16C16 /* MovieDetailViewController.swift */ = {isa = PBXFileReference; lastKnownFileType = sourcecode.swift; path = MovieDetailViewController.swift; sourceTree = "<group>"; };
		AC2C0C9F268A284300C16C16 /* MovieDetailViewModel.swift */ = {isa = PBXFileReference; lastKnownFileType = sourcecode.swift; path = MovieDetailViewModel.swift; sourceTree = "<group>"; };
		AC2C0CA2268A3F2000C16C16 /* APIConstant.swift */ = {isa = PBXFileReference; lastKnownFileType = sourcecode.swift; path = APIConstant.swift; sourceTree = "<group>"; };
		AC97A9D2268A005500E6026B /* MovieDBAssignment.app */ = {isa = PBXFileReference; explicitFileType = wrapper.application; includeInIndex = 0; path = MovieDBAssignment.app; sourceTree = BUILT_PRODUCTS_DIR; };
		AC97A9D5268A005500E6026B /* AppDelegate.swift */ = {isa = PBXFileReference; lastKnownFileType = sourcecode.swift; path = AppDelegate.swift; sourceTree = "<group>"; };
		AC97A9D7268A005500E6026B /* SceneDelegate.swift */ = {isa = PBXFileReference; lastKnownFileType = sourcecode.swift; path = SceneDelegate.swift; sourceTree = "<group>"; };
		AC97A9DC268A005500E6026B /* Base */ = {isa = PBXFileReference; lastKnownFileType = file.storyboard; name = Base; path = Base.lproj/Main.storyboard; sourceTree = "<group>"; };
		AC97A9DF268A005500E6026B /* MovieDBAssignment.xcdatamodel */ = {isa = PBXFileReference; lastKnownFileType = wrapper.xcdatamodel; path = MovieDBAssignment.xcdatamodel; sourceTree = "<group>"; };
		AC97A9E1268A005600E6026B /* Assets.xcassets */ = {isa = PBXFileReference; lastKnownFileType = folder.assetcatalog; path = Assets.xcassets; sourceTree = "<group>"; };
		AC97A9E4268A005600E6026B /* Base */ = {isa = PBXFileReference; lastKnownFileType = file.storyboard; name = Base; path = Base.lproj/LaunchScreen.storyboard; sourceTree = "<group>"; };
		AC97A9E6268A005600E6026B /* Info.plist */ = {isa = PBXFileReference; lastKnownFileType = text.plist.xml; path = Info.plist; sourceTree = "<group>"; };
		AC97A9EB268A005600E6026B /* MovieDBAssignmentTests.xctest */ = {isa = PBXFileReference; explicitFileType = wrapper.cfbundle; includeInIndex = 0; path = MovieDBAssignmentTests.xctest; sourceTree = BUILT_PRODUCTS_DIR; };
		AC97A9EF268A005600E6026B /* MovieDBAssignmentTests.swift */ = {isa = PBXFileReference; lastKnownFileType = sourcecode.swift; path = MovieDBAssignmentTests.swift; sourceTree = "<group>"; };
		AC97A9F1268A005600E6026B /* Info.plist */ = {isa = PBXFileReference; lastKnownFileType = text.plist.xml; path = Info.plist; sourceTree = "<group>"; };
		AC97A9F6268A005600E6026B /* MovieDBAssignmentUITests.xctest */ = {isa = PBXFileReference; explicitFileType = wrapper.cfbundle; includeInIndex = 0; path = MovieDBAssignmentUITests.xctest; sourceTree = BUILT_PRODUCTS_DIR; };
		AC97A9FA268A005600E6026B /* MovieDBAssignmentUITests.swift */ = {isa = PBXFileReference; lastKnownFileType = sourcecode.swift; path = MovieDBAssignmentUITests.swift; sourceTree = "<group>"; };
		AC97A9FC268A005600E6026B /* Info.plist */ = {isa = PBXFileReference; lastKnownFileType = text.plist.xml; path = Info.plist; sourceTree = "<group>"; };
		AC97AA15268A04D800E6026B /* BaseViewController.swift */ = {isa = PBXFileReference; lastKnownFileType = sourcecode.swift; path = BaseViewController.swift; sourceTree = "<group>"; };
		AC97AA17268A054800E6026B /* BaseViewModel.swift */ = {isa = PBXFileReference; lastKnownFileType = sourcecode.swift; path = BaseViewModel.swift; sourceTree = "<group>"; };
		AC97AA19268A059500E6026B /* DashboardViewController.swift */ = {isa = PBXFileReference; lastKnownFileType = sourcecode.swift; path = DashboardViewController.swift; sourceTree = "<group>"; };
		AC97AA1B268A05B800E6026B /* DashboardViewModel.swift */ = {isa = PBXFileReference; lastKnownFileType = sourcecode.swift; path = DashboardViewModel.swift; sourceTree = "<group>"; };
		AC97AA1E268A08ED00E6026B /* MovieListTableViewCell.swift */ = {isa = PBXFileReference; lastKnownFileType = sourcecode.swift; path = MovieListTableViewCell.swift; sourceTree = "<group>"; };
		AC97AA1F268A08ED00E6026B /* MovieListTableViewCell.xib */ = {isa = PBXFileReference; lastKnownFileType = file.xib; path = MovieListTableViewCell.xib; sourceTree = "<group>"; };
		AC97AA23268A09C600E6026B /* UIView+Extension.swift */ = {isa = PBXFileReference; lastKnownFileType = sourcecode.swift; path = "UIView+Extension.swift"; sourceTree = "<group>"; };
		AC97AA25268A106500E6026B /* NSObject+Extension.swift */ = {isa = PBXFileReference; lastKnownFileType = sourcecode.swift; path = "NSObject+Extension.swift"; sourceTree = "<group>"; };
/* End PBXFileReference section */

/* Begin PBXFrameworksBuildPhase section */
		AC97A9CF268A005500E6026B /* Frameworks */ = {
			isa = PBXFrameworksBuildPhase;
			buildActionMask = 2147483647;
			files = (
			);
			runOnlyForDeploymentPostprocessing = 0;
		};
		AC97A9E8268A005600E6026B /* Frameworks */ = {
			isa = PBXFrameworksBuildPhase;
			buildActionMask = 2147483647;
			files = (
			);
			runOnlyForDeploymentPostprocessing = 0;
		};
		AC97A9F3268A005600E6026B /* Frameworks */ = {
			isa = PBXFrameworksBuildPhase;
			buildActionMask = 2147483647;
			files = (
			);
			runOnlyForDeploymentPostprocessing = 0;
		};
/* End PBXFrameworksBuildPhase section */

/* Begin PBXGroup section */
		AC2C0C8E268A19E800C16C16 /* Search */ = {
			isa = PBXGroup;
			children = (
				AC2C0C90268A19FC00C16C16 /* ViewModel */,
				AC2C0C8F268A19F200C16C16 /* Controller */,
			);
			path = Search;
			sourceTree = "<group>";
		};
		AC2C0C8F268A19F200C16C16 /* Controller */ = {
			isa = PBXGroup;
			children = (
				AC2C0C91268A1A1800C16C16 /* SearchViewController.swift */,
			);
			path = Controller;
			sourceTree = "<group>";
		};
		AC2C0C90268A19FC00C16C16 /* ViewModel */ = {
			isa = PBXGroup;
			children = (
				AC2C0C93268A1A2900C16C16 /* SearchViewModel.swift */,
			);
			path = ViewModel;
			sourceTree = "<group>";
		};
		AC2C0C95268A200500C16C16 /* MovieList */ = {
			isa = PBXGroup;
			children = (
				AC97AA1E268A08ED00E6026B /* MovieListTableViewCell.swift */,
				AC97AA1F268A08ED00E6026B /* MovieListTableViewCell.xib */,
			);
			path = MovieList;
			sourceTree = "<group>";
		};
		AC2C0C96268A203400C16C16 /* Section Title */ = {
			isa = PBXGroup;
			children = (
				AC2C0C97268A208400C16C16 /* SectionTitleTableViewCell.swift */,
				AC2C0C98268A208400C16C16 /* SectionTitleTableViewCell.xib */,
			);
			path = "Section Title";
			sourceTree = "<group>";
		};
		AC2C0CA1268A3F0800C16C16 /* Helpers */ = {
			isa = PBXGroup;
			children = (
				AC2C0CA2268A3F2000C16C16 /* APIConstant.swift */,
			);
			path = Helpers;
			sourceTree = "<group>";
		};
		AC97A9C9268A005500E6026B = {
			isa = PBXGroup;
			children = (
				AC97A9D4268A005500E6026B /* MovieDBAssignment */,
				AC97A9EE268A005600E6026B /* MovieDBAssignmentTests */,
				AC97A9F9268A005600E6026B /* MovieDBAssignmentUITests */,
				AC97A9D3268A005500E6026B /* Products */,
			);
			sourceTree = "<group>";
		};
		AC97A9D3268A005500E6026B /* Products */ = {
			isa = PBXGroup;
			children = (
				AC97A9D2268A005500E6026B /* MovieDBAssignment.app */,
				AC97A9EB268A005600E6026B /* MovieDBAssignmentTests.xctest */,
				AC97A9F6268A005600E6026B /* MovieDBAssignmentUITests.xctest */,
			);
			name = Products;
			sourceTree = "<group>";
		};
		AC97A9D4268A005500E6026B /* MovieDBAssignment */ = {
			isa = PBXGroup;
			children = (
				AC2C0CA1268A3F0800C16C16 /* Helpers */,
				AC97A9E6268A005600E6026B /* Info.plist */,
				AC97AA22268A09AB00E6026B /* Extensions */,
				AC97AA1D268A086C00E6026B /* Views */,
				AC97AA0B268A03DF00E6026B /* Resources */,
				AC97AA0A268A03B000E6026B /* Storyboard */,
				AC97AA09268A039A00E6026B /* Controllers */,
				AC97AA08268A038900E6026B /* Application */,
			);
			path = MovieDBAssignment;
			sourceTree = "<group>";
		};
		AC97A9EE268A005600E6026B /* MovieDBAssignmentTests */ = {
			isa = PBXGroup;
			children = (
				AC97A9EF268A005600E6026B /* MovieDBAssignmentTests.swift */,
				AC97A9F1268A005600E6026B /* Info.plist */,
			);
			path = MovieDBAssignmentTests;
			sourceTree = "<group>";
		};
		AC97A9F9268A005600E6026B /* MovieDBAssignmentUITests */ = {
			isa = PBXGroup;
			children = (
				AC97A9FA268A005600E6026B /* MovieDBAssignmentUITests.swift */,
				AC97A9FC268A005600E6026B /* Info.plist */,
			);
			path = MovieDBAssignmentUITests;
			sourceTree = "<group>";
		};
		AC97AA08268A038900E6026B /* Application */ = {
			isa = PBXGroup;
			children = (
				AC97A9D5268A005500E6026B /* AppDelegate.swift */,
				AC97A9D7268A005500E6026B /* SceneDelegate.swift */,
			);
			path = Application;
			sourceTree = "<group>";
		};
		AC97AA09268A039A00E6026B /* Controllers */ = {
			isa = PBXGroup;
			children = (
				AC2C0C8E268A19E800C16C16 /* Search */,
				AC97AA12268A048400E6026B /* BaseViewController */,
				AC97AA0D268A041600E6026B /* Movie */,
				AC97AA0C268A03F900E6026B /* Dashboard */,
			);
			path = Controllers;
			sourceTree = "<group>";
		};
		AC97AA0A268A03B000E6026B /* Storyboard */ = {
			isa = PBXGroup;
			children = (
				AC97A9E3268A005600E6026B /* LaunchScreen.storyboard */,
				AC97A9DB268A005500E6026B /* Main.storyboard */,
			);
			path = Storyboard;
			sourceTree = "<group>";
		};
		AC97AA0B268A03DF00E6026B /* Resources */ = {
			isa = PBXGroup;
			children = (
				AC97A9E1268A005600E6026B /* Assets.xcassets */,
				AC97A9DE268A005500E6026B /* MovieDBAssignment.xcdatamodeld */,
			);
			path = Resources;
			sourceTree = "<group>";
		};
		AC97AA0C268A03F900E6026B /* Dashboard */ = {
			isa = PBXGroup;
			children = (
				AC97AA11268A044900E6026B /* Controller */,
				AC97AA10268A043F00E6026B /* ViewModel */,
			);
			path = Dashboard;
			sourceTree = "<group>";
		};
		AC97AA0D268A041600E6026B /* Movie */ = {
			isa = PBXGroup;
			children = (
				AC97AA0F268A043700E6026B /* Controller */,
				AC97AA0E268A042800E6026B /* ViewModel */,
			);
			path = Movie;
			sourceTree = "<group>";
		};
		AC97AA0E268A042800E6026B /* ViewModel */ = {
			isa = PBXGroup;
			children = (
				AC2C0C9F268A284300C16C16 /* MovieDetailViewModel.swift */,
			);
			path = ViewModel;
			sourceTree = "<group>";
		};
		AC97AA0F268A043700E6026B /* Controller */ = {
			isa = PBXGroup;
			children = (
				AC2C0C9D268A281E00C16C16 /* MovieDetailViewController.swift */,
			);
			path = Controller;
			sourceTree = "<group>";
		};
		AC97AA10268A043F00E6026B /* ViewModel */ = {
			isa = PBXGroup;
			children = (
				AC97AA1B268A05B800E6026B /* DashboardViewModel.swift */,
			);
			path = ViewModel;
			sourceTree = "<group>";
		};
		AC97AA11268A044900E6026B /* Controller */ = {
			isa = PBXGroup;
			children = (
				AC97AA19268A059500E6026B /* DashboardViewController.swift */,
			);
			path = Controller;
			sourceTree = "<group>";
		};
		AC97AA12268A048400E6026B /* BaseViewController */ = {
			isa = PBXGroup;
			children = (
				AC97AA14268A049500E6026B /* Controller */,
				AC97AA13268A048E00E6026B /* ViewModel */,
			);
			path = BaseViewController;
			sourceTree = "<group>";
		};
		AC97AA13268A048E00E6026B /* ViewModel */ = {
			isa = PBXGroup;
			children = (
				AC97AA17268A054800E6026B /* BaseViewModel.swift */,
			);
			path = ViewModel;
			sourceTree = "<group>";
		};
		AC97AA14268A049500E6026B /* Controller */ = {
			isa = PBXGroup;
			children = (
				AC97AA15268A04D800E6026B /* BaseViewController.swift */,
			);
			path = Controller;
			sourceTree = "<group>";
		};
		AC97AA1D268A086C00E6026B /* Views */ = {
			isa = PBXGroup;
			children = (
				AC2C0C96268A203400C16C16 /* Section Title */,
				AC2C0C95268A200500C16C16 /* MovieList */,
			);
			path = Views;
			sourceTree = "<group>";
		};
		AC97AA22268A09AB00E6026B /* Extensions */ = {
			isa = PBXGroup;
			children = (
				AC97AA23268A09C600E6026B /* UIView+Extension.swift */,
				AC97AA25268A106500E6026B /* NSObject+Extension.swift */,
			);
			path = Extensions;
			sourceTree = "<group>";
		};
/* End PBXGroup section */

/* Begin PBXNativeTarget section */
		AC97A9D1268A005500E6026B /* MovieDBAssignment */ = {
			isa = PBXNativeTarget;
			buildConfigurationList = AC97A9FF268A005600E6026B /* Build configuration list for PBXNativeTarget "MovieDBAssignment" */;
			buildPhases = (
				AC97A9CE268A005500E6026B /* Sources */,
				AC97A9CF268A005500E6026B /* Frameworks */,
				AC97A9D0268A005500E6026B /* Resources */,
			);
			buildRules = (
			);
			dependencies = (
			);
			name = MovieDBAssignment;
			productName = MovieDBAssignment;
			productReference = AC97A9D2268A005500E6026B /* MovieDBAssignment.app */;
			productType = "com.apple.product-type.application";
		};
		AC97A9EA268A005600E6026B /* MovieDBAssignmentTests */ = {
			isa = PBXNativeTarget;
			buildConfigurationList = AC97AA02268A005600E6026B /* Build configuration list for PBXNativeTarget "MovieDBAssignmentTests" */;
			buildPhases = (
				AC97A9E7268A005600E6026B /* Sources */,
				AC97A9E8268A005600E6026B /* Frameworks */,
				AC97A9E9268A005600E6026B /* Resources */,
			);
			buildRules = (
			);
			dependencies = (
				AC97A9ED268A005600E6026B /* PBXTargetDependency */,
			);
			name = MovieDBAssignmentTests;
			productName = MovieDBAssignmentTests;
			productReference = AC97A9EB268A005600E6026B /* MovieDBAssignmentTests.xctest */;
			productType = "com.apple.product-type.bundle.unit-test";
		};
		AC97A9F5268A005600E6026B /* MovieDBAssignmentUITests */ = {
			isa = PBXNativeTarget;
			buildConfigurationList = AC97AA05268A005600E6026B /* Build configuration list for PBXNativeTarget "MovieDBAssignmentUITests" */;
			buildPhases = (
				AC97A9F2268A005600E6026B /* Sources */,
				AC97A9F3268A005600E6026B /* Frameworks */,
				AC97A9F4268A005600E6026B /* Resources */,
			);
			buildRules = (
			);
			dependencies = (
				AC97A9F8268A005600E6026B /* PBXTargetDependency */,
			);
			name = MovieDBAssignmentUITests;
			productName = MovieDBAssignmentUITests;
			productReference = AC97A9F6268A005600E6026B /* MovieDBAssignmentUITests.xctest */;
			productType = "com.apple.product-type.bundle.ui-testing";
		};
/* End PBXNativeTarget section */

/* Begin PBXProject section */
		AC97A9CA268A005500E6026B /* Project object */ = {
			isa = PBXProject;
			attributes = {
				LastSwiftUpdateCheck = 1250;
				LastUpgradeCheck = 1250;
				TargetAttributes = {
					AC97A9D1268A005500E6026B = {
						CreatedOnToolsVersion = 12.5;
					};
					AC97A9EA268A005600E6026B = {
						CreatedOnToolsVersion = 12.5;
						TestTargetID = AC97A9D1268A005500E6026B;
					};
					AC97A9F5268A005600E6026B = {
						CreatedOnToolsVersion = 12.5;
						TestTargetID = AC97A9D1268A005500E6026B;
					};
				};
			};
			buildConfigurationList = AC97A9CD268A005500E6026B /* Build configuration list for PBXProject "MovieDBAssignment" */;
			compatibilityVersion = "Xcode 9.3";
			developmentRegion = en;
			hasScannedForEncodings = 0;
			knownRegions = (
				en,
				Base,
			);
			mainGroup = AC97A9C9268A005500E6026B;
			productRefGroup = AC97A9D3268A005500E6026B /* Products */;
			projectDirPath = "";
			projectRoot = "";
			targets = (
				AC97A9D1268A005500E6026B /* MovieDBAssignment */,
				AC97A9EA268A005600E6026B /* MovieDBAssignmentTests */,
				AC97A9F5268A005600E6026B /* MovieDBAssignmentUITests */,
			);
		};
/* End PBXProject section */

/* Begin PBXResourcesBuildPhase section */
		AC97A9D0268A005500E6026B /* Resources */ = {
			isa = PBXResourcesBuildPhase;
			buildActionMask = 2147483647;
			files = (
				AC97A9E5268A005600E6026B /* LaunchScreen.storyboard in Resources */,
				AC2C0C9A268A208400C16C16 /* SectionTitleTableViewCell.xib in Resources */,
				AC97A9E2268A005600E6026B /* Assets.xcassets in Resources */,
				AC97AA21268A08ED00E6026B /* MovieListTableViewCell.xib in Resources */,
				AC97A9DD268A005500E6026B /* Main.storyboard in Resources */,
			);
			runOnlyForDeploymentPostprocessing = 0;
		};
		AC97A9E9268A005600E6026B /* Resources */ = {
			isa = PBXResourcesBuildPhase;
			buildActionMask = 2147483647;
			files = (
			);
			runOnlyForDeploymentPostprocessing = 0;
		};
		AC97A9F4268A005600E6026B /* Resources */ = {
			isa = PBXResourcesBuildPhase;
			buildActionMask = 2147483647;
			files = (
			);
			runOnlyForDeploymentPostprocessing = 0;
		};
/* End PBXResourcesBuildPhase section */

/* Begin PBXSourcesBuildPhase section */
		AC97A9CE268A005500E6026B /* Sources */ = {
			isa = PBXSourcesBuildPhase;
			buildActionMask = 2147483647;
			files = (
				AC2C0CA3268A3F2000C16C16 /* APIConstant.swift in Sources */,
				AC2C0C99268A208400C16C16 /* SectionTitleTableViewCell.swift in Sources */,
				AC97AA16268A04D800E6026B /* BaseViewController.swift in Sources */,
				AC2C0C92268A1A1800C16C16 /* SearchViewController.swift in Sources */,
				AC97AA1A268A059500E6026B /* DashboardViewController.swift in Sources */,
				AC2C0C9E268A281E00C16C16 /* MovieDetailViewController.swift in Sources */,
				AC97A9E0268A005500E6026B /* MovieDBAssignment.xcdatamodeld in Sources */,
				AC97AA24268A09C600E6026B /* UIView+Extension.swift in Sources */,
				AC97A9D6268A005500E6026B /* AppDelegate.swift in Sources */,
				AC2C0C94268A1A2900C16C16 /* SearchViewModel.swift in Sources */,
				AC97AA26268A106500E6026B /* NSObject+Extension.swift in Sources */,
				AC97A9D8268A005500E6026B /* SceneDelegate.swift in Sources */,
				AC2C0CA0268A284300C16C16 /* MovieDetailViewModel.swift in Sources */,
				AC97AA18268A054800E6026B /* BaseViewModel.swift in Sources */,
				AC97AA20268A08ED00E6026B /* MovieListTableViewCell.swift in Sources */,
				AC97AA1C268A05B800E6026B /* DashboardViewModel.swift in Sources */,
			);
			runOnlyForDeploymentPostprocessing = 0;
		};
		AC97A9E7268A005600E6026B /* Sources */ = {
			isa = PBXSourcesBuildPhase;
			buildActionMask = 2147483647;
			files = (
				AC97A9F0268A005600E6026B /* MovieDBAssignmentTests.swift in Sources */,
			);
			runOnlyForDeploymentPostprocessing = 0;
		};
		AC97A9F2268A005600E6026B /* Sources */ = {
			isa = PBXSourcesBuildPhase;
			buildActionMask = 2147483647;
			files = (
				AC97A9FB268A005600E6026B /* MovieDBAssignmentUITests.swift in Sources */,
			);
			runOnlyForDeploymentPostprocessing = 0;
		};
/* End PBXSourcesBuildPhase section */

/* Begin PBXTargetDependency section */
		AC97A9ED268A005600E6026B /* PBXTargetDependency */ = {
			isa = PBXTargetDependency;
			target = AC97A9D1268A005500E6026B /* MovieDBAssignment */;
			targetProxy = AC97A9EC268A005600E6026B /* PBXContainerItemProxy */;
		};
		AC97A9F8268A005600E6026B /* PBXTargetDependency */ = {
			isa = PBXTargetDependency;
			target = AC97A9D1268A005500E6026B /* MovieDBAssignment */;
			targetProxy = AC97A9F7268A005600E6026B /* PBXContainerItemProxy */;
		};
/* End PBXTargetDependency section */

/* Begin PBXVariantGroup section */
		AC97A9DB268A005500E6026B /* Main.storyboard */ = {
			isa = PBXVariantGroup;
			children = (
				AC97A9DC268A005500E6026B /* Base */,
			);
			name = Main.storyboard;
			sourceTree = "<group>";
		};
		AC97A9E3268A005600E6026B /* LaunchScreen.storyboard */ = {
			isa = PBXVariantGroup;
			children = (
				AC97A9E4268A005600E6026B /* Base */,
			);
			name = LaunchScreen.storyboard;
			sourceTree = "<group>";
		};
/* End PBXVariantGroup section */

/* Begin XCBuildConfiguration section */
		AC97A9FD268A005600E6026B /* Debug */ = {
			isa = XCBuildConfiguration;
			buildSettings = {
				ALWAYS_SEARCH_USER_PATHS = NO;
				CLANG_ANALYZER_NONNULL = YES;
				CLANG_ANALYZER_NUMBER_OBJECT_CONVERSION = YES_AGGRESSIVE;
				CLANG_CXX_LANGUAGE_STANDARD = "gnu++14";
				CLANG_CXX_LIBRARY = "libc++";
				CLANG_ENABLE_MODULES = YES;
				CLANG_ENABLE_OBJC_ARC = YES;
				CLANG_ENABLE_OBJC_WEAK = YES;
				CLANG_WARN_BLOCK_CAPTURE_AUTORELEASING = YES;
				CLANG_WARN_BOOL_CONVERSION = YES;
				CLANG_WARN_COMMA = YES;
				CLANG_WARN_CONSTANT_CONVERSION = YES;
				CLANG_WARN_DEPRECATED_OBJC_IMPLEMENTATIONS = YES;
				CLANG_WARN_DIRECT_OBJC_ISA_USAGE = YES_ERROR;
				CLANG_WARN_DOCUMENTATION_COMMENTS = YES;
				CLANG_WARN_EMPTY_BODY = YES;
				CLANG_WARN_ENUM_CONVERSION = YES;
				CLANG_WARN_INFINITE_RECURSION = YES;
				CLANG_WARN_INT_CONVERSION = YES;
				CLANG_WARN_NON_LITERAL_NULL_CONVERSION = YES;
				CLANG_WARN_OBJC_IMPLICIT_RETAIN_SELF = YES;
				CLANG_WARN_OBJC_LITERAL_CONVERSION = YES;
				CLANG_WARN_OBJC_ROOT_CLASS = YES_ERROR;
				CLANG_WARN_QUOTED_INCLUDE_IN_FRAMEWORK_HEADER = YES;
				CLANG_WARN_RANGE_LOOP_ANALYSIS = YES;
				CLANG_WARN_STRICT_PROTOTYPES = YES;
				CLANG_WARN_SUSPICIOUS_MOVE = YES;
				CLANG_WARN_UNGUARDED_AVAILABILITY = YES_AGGRESSIVE;
				CLANG_WARN_UNREACHABLE_CODE = YES;
				CLANG_WARN__DUPLICATE_METHOD_MATCH = YES;
				COPY_PHASE_STRIP = NO;
				DEBUG_INFORMATION_FORMAT = dwarf;
				ENABLE_STRICT_OBJC_MSGSEND = YES;
				ENABLE_TESTABILITY = YES;
				GCC_C_LANGUAGE_STANDARD = gnu11;
				GCC_DYNAMIC_NO_PIC = NO;
				GCC_NO_COMMON_BLOCKS = YES;
				GCC_OPTIMIZATION_LEVEL = 0;
				GCC_PREPROCESSOR_DEFINITIONS = (
					"DEBUG=1",
					"$(inherited)",
				);
				GCC_WARN_64_TO_32_BIT_CONVERSION = YES;
				GCC_WARN_ABOUT_RETURN_TYPE = YES_ERROR;
				GCC_WARN_UNDECLARED_SELECTOR = YES;
				GCC_WARN_UNINITIALIZED_AUTOS = YES_AGGRESSIVE;
				GCC_WARN_UNUSED_FUNCTION = YES;
				GCC_WARN_UNUSED_VARIABLE = YES;
				IPHONEOS_DEPLOYMENT_TARGET = 14.5;
				MTL_ENABLE_DEBUG_INFO = INCLUDE_SOURCE;
				MTL_FAST_MATH = YES;
				ONLY_ACTIVE_ARCH = YES;
				SDKROOT = iphoneos;
				SWIFT_ACTIVE_COMPILATION_CONDITIONS = DEBUG;
				SWIFT_OPTIMIZATION_LEVEL = "-Onone";
			};
			name = Debug;
		};
		AC97A9FE268A005600E6026B /* Release */ = {
			isa = XCBuildConfiguration;
			buildSettings = {
				ALWAYS_SEARCH_USER_PATHS = NO;
				CLANG_ANALYZER_NONNULL = YES;
				CLANG_ANALYZER_NUMBER_OBJECT_CONVERSION = YES_AGGRESSIVE;
				CLANG_CXX_LANGUAGE_STANDARD = "gnu++14";
				CLANG_CXX_LIBRARY = "libc++";
				CLANG_ENABLE_MODULES = YES;
				CLANG_ENABLE_OBJC_ARC = YES;
				CLANG_ENABLE_OBJC_WEAK = YES;
				CLANG_WARN_BLOCK_CAPTURE_AUTORELEASING = YES;
				CLANG_WARN_BOOL_CONVERSION = YES;
				CLANG_WARN_COMMA = YES;
				CLANG_WARN_CONSTANT_CONVERSION = YES;
				CLANG_WARN_DEPRECATED_OBJC_IMPLEMENTATIONS = YES;
				CLANG_WARN_DIRECT_OBJC_ISA_USAGE = YES_ERROR;
				CLANG_WARN_DOCUMENTATION_COMMENTS = YES;
				CLANG_WARN_EMPTY_BODY = YES;
				CLANG_WARN_ENUM_CONVERSION = YES;
				CLANG_WARN_INFINITE_RECURSION = YES;
				CLANG_WARN_INT_CONVERSION = YES;
				CLANG_WARN_NON_LITERAL_NULL_CONVERSION = YES;
				CLANG_WARN_OBJC_IMPLICIT_RETAIN_SELF = YES;
				CLANG_WARN_OBJC_LITERAL_CONVERSION = YES;
				CLANG_WARN_OBJC_ROOT_CLASS = YES_ERROR;
				CLANG_WARN_QUOTED_INCLUDE_IN_FRAMEWORK_HEADER = YES;
				CLANG_WARN_RANGE_LOOP_ANALYSIS = YES;
				CLANG_WARN_STRICT_PROTOTYPES = YES;
				CLANG_WARN_SUSPICIOUS_MOVE = YES;
				CLANG_WARN_UNGUARDED_AVAILABILITY = YES_AGGRESSIVE;
				CLANG_WARN_UNREACHABLE_CODE = YES;
				CLANG_WARN__DUPLICATE_METHOD_MATCH = YES;
				COPY_PHASE_STRIP = NO;
				DEBUG_INFORMATION_FORMAT = "dwarf-with-dsym";
				ENABLE_NS_ASSERTIONS = NO;
				ENABLE_STRICT_OBJC_MSGSEND = YES;
				GCC_C_LANGUAGE_STANDARD = gnu11;
				GCC_NO_COMMON_BLOCKS = YES;
				GCC_WARN_64_TO_32_BIT_CONVERSION = YES;
				GCC_WARN_ABOUT_RETURN_TYPE = YES_ERROR;
				GCC_WARN_UNDECLARED_SELECTOR = YES;
				GCC_WARN_UNINITIALIZED_AUTOS = YES_AGGRESSIVE;
				GCC_WARN_UNUSED_FUNCTION = YES;
				GCC_WARN_UNUSED_VARIABLE = YES;
				IPHONEOS_DEPLOYMENT_TARGET = 14.5;
				MTL_ENABLE_DEBUG_INFO = NO;
				MTL_FAST_MATH = YES;
				SDKROOT = iphoneos;
				SWIFT_COMPILATION_MODE = wholemodule;
				SWIFT_OPTIMIZATION_LEVEL = "-O";
				VALIDATE_PRODUCT = YES;
			};
			name = Release;
		};
		AC97AA00268A005600E6026B /* Debug */ = {
			isa = XCBuildConfiguration;
			buildSettings = {
				ASSETCATALOG_COMPILER_APPICON_NAME = AppIcon;
				ASSETCATALOG_COMPILER_GLOBAL_ACCENT_COLOR_NAME = AccentColor;
				CODE_SIGN_STYLE = Automatic;
				INFOPLIST_FILE = MovieDBAssignment/Info.plist;
				LD_RUNPATH_SEARCH_PATHS = (
					"$(inherited)",
					"@executable_path/Frameworks",
				);
				PRODUCT_BUNDLE_IDENTIFIER = com.amrut.MovieDBAssignment;
				PRODUCT_NAME = "$(TARGET_NAME)";
				SWIFT_VERSION = 5.0;
				TARGETED_DEVICE_FAMILY = "1,2";
			};
			name = Debug;
		};
		AC97AA01268A005600E6026B /* Release */ = {
			isa = XCBuildConfiguration;
			buildSettings = {
				ASSETCATALOG_COMPILER_APPICON_NAME = AppIcon;
				ASSETCATALOG_COMPILER_GLOBAL_ACCENT_COLOR_NAME = AccentColor;
				CODE_SIGN_STYLE = Automatic;
				INFOPLIST_FILE = MovieDBAssignment/Info.plist;
				LD_RUNPATH_SEARCH_PATHS = (
					"$(inherited)",
					"@executable_path/Frameworks",
				);
				PRODUCT_BUNDLE_IDENTIFIER = com.amrut.MovieDBAssignment;
				PRODUCT_NAME = "$(TARGET_NAME)";
				SWIFT_VERSION = 5.0;
				TARGETED_DEVICE_FAMILY = "1,2";
			};
			name = Release;
		};
		AC97AA03268A005600E6026B /* Debug */ = {
			isa = XCBuildConfiguration;
			buildSettings = {
				ALWAYS_EMBED_SWIFT_STANDARD_LIBRARIES = YES;
				BUNDLE_LOADER = "$(TEST_HOST)";
				CODE_SIGN_STYLE = Automatic;
				INFOPLIST_FILE = MovieDBAssignmentTests/Info.plist;
				IPHONEOS_DEPLOYMENT_TARGET = 14.5;
				LD_RUNPATH_SEARCH_PATHS = (
					"$(inherited)",
					"@executable_path/Frameworks",
					"@loader_path/Frameworks",
				);
				PRODUCT_BUNDLE_IDENTIFIER = com.amrut.MovieDBAssignmentTests;
				PRODUCT_NAME = "$(TARGET_NAME)";
				SWIFT_VERSION = 5.0;
				TARGETED_DEVICE_FAMILY = "1,2";
				TEST_HOST = "$(BUILT_PRODUCTS_DIR)/MovieDBAssignment.app/MovieDBAssignment";
			};
			name = Debug;
		};
		AC97AA04268A005600E6026B /* Release */ = {
			isa = XCBuildConfiguration;
			buildSettings = {
				ALWAYS_EMBED_SWIFT_STANDARD_LIBRARIES = YES;
				BUNDLE_LOADER = "$(TEST_HOST)";
				CODE_SIGN_STYLE = Automatic;
				INFOPLIST_FILE = MovieDBAssignmentTests/Info.plist;
				IPHONEOS_DEPLOYMENT_TARGET = 14.5;
				LD_RUNPATH_SEARCH_PATHS = (
					"$(inherited)",
					"@executable_path/Frameworks",
					"@loader_path/Frameworks",
				);
				PRODUCT_BUNDLE_IDENTIFIER = com.amrut.MovieDBAssignmentTests;
				PRODUCT_NAME = "$(TARGET_NAME)";
				SWIFT_VERSION = 5.0;
				TARGETED_DEVICE_FAMILY = "1,2";
				TEST_HOST = "$(BUILT_PRODUCTS_DIR)/MovieDBAssignment.app/MovieDBAssignment";
			};
			name = Release;
		};
		AC97AA06268A005600E6026B /* Debug */ = {
			isa = XCBuildConfiguration;
			buildSettings = {
				ALWAYS_EMBED_SWIFT_STANDARD_LIBRARIES = YES;
				CODE_SIGN_STYLE = Automatic;
				INFOPLIST_FILE = MovieDBAssignmentUITests/Info.plist;
				LD_RUNPATH_SEARCH_PATHS = (
					"$(inherited)",
					"@executable_path/Frameworks",
					"@loader_path/Frameworks",
				);
				PRODUCT_BUNDLE_IDENTIFIER = com.amrut.MovieDBAssignmentUITests;
				PRODUCT_NAME = "$(TARGET_NAME)";
				SWIFT_VERSION = 5.0;
				TARGETED_DEVICE_FAMILY = "1,2";
				TEST_TARGET_NAME = MovieDBAssignment;
			};
			name = Debug;
		};
		AC97AA07268A005600E6026B /* Release */ = {
			isa = XCBuildConfiguration;
			buildSettings = {
				ALWAYS_EMBED_SWIFT_STANDARD_LIBRARIES = YES;
				CODE_SIGN_STYLE = Automatic;
				INFOPLIST_FILE = MovieDBAssignmentUITests/Info.plist;
				LD_RUNPATH_SEARCH_PATHS = (
					"$(inherited)",
					"@executable_path/Frameworks",
					"@loader_path/Frameworks",
				);
				PRODUCT_BUNDLE_IDENTIFIER = com.amrut.MovieDBAssignmentUITests;
				PRODUCT_NAME = "$(TARGET_NAME)";
				SWIFT_VERSION = 5.0;
				TARGETED_DEVICE_FAMILY = "1,2";
				TEST_TARGET_NAME = MovieDBAssignment;
			};
			name = Release;
		};
/* End XCBuildConfiguration section */

/* Begin XCConfigurationList section */
		AC97A9CD268A005500E6026B /* Build configuration list for PBXProject "MovieDBAssignment" */ = {
			isa = XCConfigurationList;
			buildConfigurations = (
				AC97A9FD268A005600E6026B /* Debug */,
				AC97A9FE268A005600E6026B /* Release */,
			);
			defaultConfigurationIsVisible = 0;
			defaultConfigurationName = Release;
		};
		AC97A9FF268A005600E6026B /* Build configuration list for PBXNativeTarget "MovieDBAssignment" */ = {
			isa = XCConfigurationList;
			buildConfigurations = (
				AC97AA00268A005600E6026B /* Debug */,
				AC97AA01268A005600E6026B /* Release */,
			);
			defaultConfigurationIsVisible = 0;
			defaultConfigurationName = Release;
		};
		AC97AA02268A005600E6026B /* Build configuration list for PBXNativeTarget "MovieDBAssignmentTests" */ = {
			isa = XCConfigurationList;
			buildConfigurations = (
				AC97AA03268A005600E6026B /* Debug */,
				AC97AA04268A005600E6026B /* Release */,
			);
			defaultConfigurationIsVisible = 0;
			defaultConfigurationName = Release;
		};
		AC97AA05268A005600E6026B /* Build configuration list for PBXNativeTarget "MovieDBAssignmentUITests" */ = {
			isa = XCConfigurationList;
			buildConfigurations = (
				AC97AA06268A005600E6026B /* Debug */,
				AC97AA07268A005600E6026B /* Release */,
			);
			defaultConfigurationIsVisible = 0;
			defaultConfigurationName = Release;
		};
/* End XCConfigurationList section */

/* Begin XCVersionGroup section */
		AC97A9DE268A005500E6026B /* MovieDBAssignment.xcdatamodeld */ = {
			isa = XCVersionGroup;
			children = (
				AC97A9DF268A005500E6026B /* MovieDBAssignment.xcdatamodel */,
			);
			currentVersion = AC97A9DF268A005500E6026B /* MovieDBAssignment.xcdatamodel */;
			path = MovieDBAssignment.xcdatamodeld;
			sourceTree = "<group>";
			versionGroupType = wrapper.xcdatamodel;
		};
/* End XCVersionGroup section */
	};
	rootObject = AC97A9CA268A005500E6026B /* Project object */;
}
